// !$*UTF8*$!
{
	archiveVersion = 1;
	classes = {
	};
	objectVersion = 46;
	objects = {

/* Begin PBXBuildFile section */
		B1B602A78ADB32C978480353 /* libPods.a in Frameworks */ = {isa = PBXBuildFile; fileRef = 84B190123DF28F8118805320 /* libPods.a */; };
		E34B6DCB1B8231670068B4A8 /* AdSupport.framework in Frameworks */ = {isa = PBXBuildFile; fileRef = E34B6DCA1B8231670068B4A8 /* AdSupport.framework */; };
		E34B6DCD1B8231710068B4A8 /* AudioToolbox.framework in Frameworks */ = {isa = PBXBuildFile; fileRef = E34B6DCC1B8231710068B4A8 /* AudioToolbox.framework */; };
		E34B6DCF1B8231790068B4A8 /* AVFoundation.framework in Frameworks */ = {isa = PBXBuildFile; fileRef = E34B6DCE1B8231790068B4A8 /* AVFoundation.framework */; };
		E34B6DD11B8231810068B4A8 /* CoreGraphics.framework in Frameworks */ = {isa = PBXBuildFile; fileRef = E34B6DD01B8231810068B4A8 /* CoreGraphics.framework */; };
		E34B6DD31B8231880068B4A8 /* CoreMedia.framework in Frameworks */ = {isa = PBXBuildFile; fileRef = E34B6DD21B8231880068B4A8 /* CoreMedia.framework */; };
		E34B6DD51B82318E0068B4A8 /* CoreTelephony.framework in Frameworks */ = {isa = PBXBuildFile; fileRef = E34B6DD41B82318E0068B4A8 /* CoreTelephony.framework */; };
		E34B6DD71B8231930068B4A8 /* EventKit.framework in Frameworks */ = {isa = PBXBuildFile; fileRef = E34B6DD61B8231930068B4A8 /* EventKit.framework */; };
		E34B6DD91B82319A0068B4A8 /* EventKitUI.framework in Frameworks */ = {isa = PBXBuildFile; fileRef = E34B6DD81B82319A0068B4A8 /* EventKitUI.framework */; };
		E34B6DDB1B8231A10068B4A8 /* MessageUI.framework in Frameworks */ = {isa = PBXBuildFile; fileRef = E34B6DDA1B8231A10068B4A8 /* MessageUI.framework */; };
		E34B6DDD1B8231A70068B4A8 /* StoreKit.framework in Frameworks */ = {isa = PBXBuildFile; fileRef = E34B6DDC1B8231A70068B4A8 /* StoreKit.framework */; };
		E34B6DDF1B8231AD0068B4A8 /* SystemConfiguration.framework in Frameworks */ = {isa = PBXBuildFile; fileRef = E34B6DDE1B8231AD0068B4A8 /* SystemConfiguration.framework */; };
		E358AB3C1B7C9E7A00A8BF77 /* main.m in Sources */ = {isa = PBXBuildFile; fileRef = E358AB3B1B7C9E7A00A8BF77 /* main.m */; };
		E358AB3F1B7C9E7A00A8BF77 /* AppDelegate.m in Sources */ = {isa = PBXBuildFile; fileRef = E358AB3E1B7C9E7A00A8BF77 /* AppDelegate.m */; };
		E358AB421B7C9E7A00A8BF77 /* ViewController.m in Sources */ = {isa = PBXBuildFile; fileRef = E358AB411B7C9E7A00A8BF77 /* ViewController.m */; };
		E358AB451B7C9E7A00A8BF77 /* Main.storyboard in Resources */ = {isa = PBXBuildFile; fileRef = E358AB431B7C9E7A00A8BF77 /* Main.storyboard */; };
		E358AB471B7C9E7A00A8BF77 /* Images.xcassets in Resources */ = {isa = PBXBuildFile; fileRef = E358AB461B7C9E7A00A8BF77 /* Images.xcassets */; };
		E358AB4A1B7C9E7A00A8BF77 /* LaunchScreen.xib in Resources */ = {isa = PBXBuildFile; fileRef = E358AB481B7C9E7A00A8BF77 /* LaunchScreen.xib */; };
		E358AB561B7C9E7A00A8BF77 /* GeoLoggerTests.m in Sources */ = {isa = PBXBuildFile; fileRef = E358AB551B7C9E7A00A8BF77 /* GeoLoggerTests.m */; };
		E358AB601B7C9F3C00A8BF77 /* CoreLocation.framework in Frameworks */ = {isa = PBXBuildFile; fileRef = E358AB5F1B7C9F3C00A8BF77 /* CoreLocation.framework */; };
		E358AB621B7C9F4400A8BF77 /* MapKit.framework in Frameworks */ = {isa = PBXBuildFile; fileRef = E358AB611B7C9F4400A8BF77 /* MapKit.framework */; };
		E35DBFAB1B7E3E9F00C6929C /* GeoLoggerAnnotation.m in Sources */ = {isa = PBXBuildFile; fileRef = E35DBFAA1B7E3E9F00C6929C /* GeoLoggerAnnotation.m */; };
		E3B3370D1B806BB4001A537C /* GeoLocationService.m in Sources */ = {isa = PBXBuildFile; fileRef = E3B3370C1B806BB4001A537C /* GeoLocationService.m */; };
/* End PBXBuildFile section */

/* Begin PBXContainerItemProxy section */
		E358AB501B7C9E7A00A8BF77 /* PBXContainerItemProxy */ = {
			isa = PBXContainerItemProxy;
			containerPortal = E358AB2E1B7C9E7A00A8BF77 /* Project object */;
			proxyType = 1;
			remoteGlobalIDString = E358AB351B7C9E7A00A8BF77;
			remoteInfo = GeoLogger;
		};
/* End PBXContainerItemProxy section */

/* Begin PBXFileReference section */
		4D4F82164D6DC69D127AD041 /* Pods.release.xcconfig */ = {isa = PBXFileReference; includeInIndex = 1; lastKnownFileType = text.xcconfig; name = Pods.release.xcconfig; path = "Pods/Target Support Files/Pods/Pods.release.xcconfig"; sourceTree = "<group>"; };
		695566947B9E538EB3060F6E /* Pods.debug.xcconfig */ = {isa = PBXFileReference; includeInIndex = 1; lastKnownFileType = text.xcconfig; name = Pods.debug.xcconfig; path = "Pods/Target Support Files/Pods/Pods.debug.xcconfig"; sourceTree = "<group>"; };
		84B190123DF28F8118805320 /* libPods.a */ = {isa = PBXFileReference; explicitFileType = archive.ar; includeInIndex = 0; path = libPods.a; sourceTree = BUILT_PRODUCTS_DIR; };
		E34B6DCA1B8231670068B4A8 /* AdSupport.framework */ = {isa = PBXFileReference; lastKnownFileType = wrapper.framework; name = AdSupport.framework; path = System/Library/Frameworks/AdSupport.framework; sourceTree = SDKROOT; };
		E34B6DCC1B8231710068B4A8 /* AudioToolbox.framework */ = {isa = PBXFileReference; lastKnownFileType = wrapper.framework; name = AudioToolbox.framework; path = System/Library/Frameworks/AudioToolbox.framework; sourceTree = SDKROOT; };
		E34B6DCE1B8231790068B4A8 /* AVFoundation.framework */ = {isa = PBXFileReference; lastKnownFileType = wrapper.framework; name = AVFoundation.framework; path = System/Library/Frameworks/AVFoundation.framework; sourceTree = SDKROOT; };
		E34B6DD01B8231810068B4A8 /* CoreGraphics.framework */ = {isa = PBXFileReference; lastKnownFileType = wrapper.framework; name = CoreGraphics.framework; path = System/Library/Frameworks/CoreGraphics.framework; sourceTree = SDKROOT; };
		E34B6DD21B8231880068B4A8 /* CoreMedia.framework */ = {isa = PBXFileReference; lastKnownFileType = wrapper.framework; name = CoreMedia.framework; path = System/Library/Frameworks/CoreMedia.framework; sourceTree = SDKROOT; };
		E34B6DD41B82318E0068B4A8 /* CoreTelephony.framework */ = {isa = PBXFileReference; lastKnownFileType = wrapper.framework; name = CoreTelephony.framework; path = System/Library/Frameworks/CoreTelephony.framework; sourceTree = SDKROOT; };
		E34B6DD61B8231930068B4A8 /* EventKit.framework */ = {isa = PBXFileReference; lastKnownFileType = wrapper.framework; name = EventKit.framework; path = System/Library/Frameworks/EventKit.framework; sourceTree = SDKROOT; };
		E34B6DD81B82319A0068B4A8 /* EventKitUI.framework */ = {isa = PBXFileReference; lastKnownFileType = wrapper.framework; name = EventKitUI.framework; path = System/Library/Frameworks/EventKitUI.framework; sourceTree = SDKROOT; };
		E34B6DDA1B8231A10068B4A8 /* MessageUI.framework */ = {isa = PBXFileReference; lastKnownFileType = wrapper.framework; name = MessageUI.framework; path = System/Library/Frameworks/MessageUI.framework; sourceTree = SDKROOT; };
		E34B6DDC1B8231A70068B4A8 /* StoreKit.framework */ = {isa = PBXFileReference; lastKnownFileType = wrapper.framework; name = StoreKit.framework; path = System/Library/Frameworks/StoreKit.framework; sourceTree = SDKROOT; };
		E34B6DDE1B8231AD0068B4A8 /* SystemConfiguration.framework */ = {isa = PBXFileReference; lastKnownFileType = wrapper.framework; name = SystemConfiguration.framework; path = System/Library/Frameworks/SystemConfiguration.framework; sourceTree = SDKROOT; };
		E358AB361B7C9E7A00A8BF77 /* GeoLogger.app */ = {isa = PBXFileReference; explicitFileType = wrapper.application; includeInIndex = 0; path = GeoLogger.app; sourceTree = BUILT_PRODUCTS_DIR; };
		E358AB3A1B7C9E7A00A8BF77 /* Info.plist */ = {isa = PBXFileReference; lastKnownFileType = text.plist.xml; path = Info.plist; sourceTree = "<group>"; };
		E358AB3B1B7C9E7A00A8BF77 /* main.m */ = {isa = PBXFileReference; lastKnownFileType = sourcecode.c.objc; path = main.m; sourceTree = "<group>"; };
		E358AB3D1B7C9E7A00A8BF77 /* AppDelegate.h */ = {isa = PBXFileReference; lastKnownFileType = sourcecode.c.h; path = AppDelegate.h; sourceTree = "<group>"; };
		E358AB3E1B7C9E7A00A8BF77 /* AppDelegate.m */ = {isa = PBXFileReference; lastKnownFileType = sourcecode.c.objc; path = AppDelegate.m; sourceTree = "<group>"; };
		E358AB401B7C9E7A00A8BF77 /* ViewController.h */ = {isa = PBXFileReference; lastKnownFileType = sourcecode.c.h; path = ViewController.h; sourceTree = "<group>"; };
		E358AB411B7C9E7A00A8BF77 /* ViewController.m */ = {isa = PBXFileReference; lastKnownFileType = sourcecode.c.objc; path = ViewController.m; sourceTree = "<group>"; };
		E358AB441B7C9E7A00A8BF77 /* Base */ = {isa = PBXFileReference; lastKnownFileType = file.storyboard; name = Base; path = Base.lproj/Main.storyboard; sourceTree = "<group>"; };
		E358AB461B7C9E7A00A8BF77 /* Images.xcassets */ = {isa = PBXFileReference; lastKnownFileType = folder.assetcatalog; path = Images.xcassets; sourceTree = "<group>"; };
		E358AB491B7C9E7A00A8BF77 /* Base */ = {isa = PBXFileReference; lastKnownFileType = file.xib; name = Base; path = Base.lproj/LaunchScreen.xib; sourceTree = "<group>"; };
		E358AB4F1B7C9E7A00A8BF77 /* GeoLoggerTests.xctest */ = {isa = PBXFileReference; explicitFileType = wrapper.cfbundle; includeInIndex = 0; path = GeoLoggerTests.xctest; sourceTree = BUILT_PRODUCTS_DIR; };
		E358AB541B7C9E7A00A8BF77 /* Info.plist */ = {isa = PBXFileReference; lastKnownFileType = text.plist.xml; path = Info.plist; sourceTree = "<group>"; };
		E358AB551B7C9E7A00A8BF77 /* GeoLoggerTests.m */ = {isa = PBXFileReference; lastKnownFileType = sourcecode.c.objc; path = GeoLoggerTests.m; sourceTree = "<group>"; };
		E358AB5F1B7C9F3C00A8BF77 /* CoreLocation.framework */ = {isa = PBXFileReference; lastKnownFileType = wrapper.framework; name = CoreLocation.framework; path = System/Library/Frameworks/CoreLocation.framework; sourceTree = SDKROOT; };
		E358AB611B7C9F4400A8BF77 /* MapKit.framework */ = {isa = PBXFileReference; lastKnownFileType = wrapper.framework; name = MapKit.framework; path = System/Library/Frameworks/MapKit.framework; sourceTree = SDKROOT; };
		E35DBFA91B7E3E9F00C6929C /* GeoLoggerAnnotation.h */ = {isa = PBXFileReference; fileEncoding = 4; lastKnownFileType = sourcecode.c.h; path = GeoLoggerAnnotation.h; sourceTree = "<group>"; };
		E35DBFAA1B7E3E9F00C6929C /* GeoLoggerAnnotation.m */ = {isa = PBXFileReference; fileEncoding = 4; lastKnownFileType = sourcecode.c.objc; path = GeoLoggerAnnotation.m; sourceTree = "<group>"; };
		E3B3370B1B806BB4001A537C /* GeoLocationService.h */ = {isa = PBXFileReference; fileEncoding = 4; lastKnownFileType = sourcecode.c.h; path = GeoLocationService.h; sourceTree = "<group>"; };
		E3B3370C1B806BB4001A537C /* GeoLocationService.m */ = {isa = PBXFileReference; fileEncoding = 4; lastKnownFileType = sourcecode.c.objc; path = GeoLocationService.m; sourceTree = "<group>"; };
/* End PBXFileReference section */

/* Begin PBXFrameworksBuildPhase section */
		E358AB331B7C9E7A00A8BF77 /* Frameworks */ = {
			isa = PBXFrameworksBuildPhase;
			buildActionMask = 2147483647;
			files = (
				E34B6DDF1B8231AD0068B4A8 /* SystemConfiguration.framework in Frameworks */,
				E34B6DDD1B8231A70068B4A8 /* StoreKit.framework in Frameworks */,
				E34B6DDB1B8231A10068B4A8 /* MessageUI.framework in Frameworks */,
				E34B6DD91B82319A0068B4A8 /* EventKitUI.framework in Frameworks */,
				E34B6DD71B8231930068B4A8 /* EventKit.framework in Frameworks */,
				E34B6DD51B82318E0068B4A8 /* CoreTelephony.framework in Frameworks */,
				E34B6DD31B8231880068B4A8 /* CoreMedia.framework in Frameworks */,
				E34B6DD11B8231810068B4A8 /* CoreGraphics.framework in Frameworks */,
				E34B6DCF1B8231790068B4A8 /* AVFoundation.framework in Frameworks */,
				E34B6DCD1B8231710068B4A8 /* AudioToolbox.framework in Frameworks */,
				E34B6DCB1B8231670068B4A8 /* AdSupport.framework in Frameworks */,
				E358AB621B7C9F4400A8BF77 /* MapKit.framework in Frameworks */,
				E358AB601B7C9F3C00A8BF77 /* CoreLocation.framework in Frameworks */,
				B1B602A78ADB32C978480353 /* libPods.a in Frameworks */,
			);
			runOnlyForDeploymentPostprocessing = 0;
		};
		E358AB4C1B7C9E7A00A8BF77 /* Frameworks */ = {
			isa = PBXFrameworksBuildPhase;
			buildActionMask = 2147483647;
			files = (
			);
			runOnlyForDeploymentPostprocessing = 0;
		};
/* End PBXFrameworksBuildPhase section */

/* Begin PBXGroup section */
		61BF368F828BF5A73EA3CECB /* Frameworks */ = {
			isa = PBXGroup;
			children = (
				E34B6DDE1B8231AD0068B4A8 /* SystemConfiguration.framework */,
				E34B6DDC1B8231A70068B4A8 /* StoreKit.framework */,
				E34B6DDA1B8231A10068B4A8 /* MessageUI.framework */,
				E34B6DD81B82319A0068B4A8 /* EventKitUI.framework */,
				E34B6DD61B8231930068B4A8 /* EventKit.framework */,
				E34B6DD41B82318E0068B4A8 /* CoreTelephony.framework */,
				E34B6DD21B8231880068B4A8 /* CoreMedia.framework */,
				E34B6DD01B8231810068B4A8 /* CoreGraphics.framework */,
				E34B6DCE1B8231790068B4A8 /* AVFoundation.framework */,
				E34B6DCC1B8231710068B4A8 /* AudioToolbox.framework */,
				E34B6DCA1B8231670068B4A8 /* AdSupport.framework */,
				84B190123DF28F8118805320 /* libPods.a */,
			);
			name = Frameworks;
			sourceTree = "<group>";
		};
		8607AD2E648887C3626E86C2 /* Pods */ = {
			isa = PBXGroup;
			children = (
				695566947B9E538EB3060F6E /* Pods.debug.xcconfig */,
				4D4F82164D6DC69D127AD041 /* Pods.release.xcconfig */,
			);
			name = Pods;
			sourceTree = "<group>";
		};
		E358AB2D1B7C9E7A00A8BF77 = {
			isa = PBXGroup;
			children = (
				E358AB611B7C9F4400A8BF77 /* MapKit.framework */,
				E358AB5F1B7C9F3C00A8BF77 /* CoreLocation.framework */,
				E358AB381B7C9E7A00A8BF77 /* GeoLogger */,
				E358AB521B7C9E7A00A8BF77 /* GeoLoggerTests */,
				E358AB371B7C9E7A00A8BF77 /* Products */,
				8607AD2E648887C3626E86C2 /* Pods */,
				61BF368F828BF5A73EA3CECB /* Frameworks */,
			);
			sourceTree = "<group>";
		};
		E358AB371B7C9E7A00A8BF77 /* Products */ = {
			isa = PBXGroup;
			children = (
				E358AB361B7C9E7A00A8BF77 /* GeoLogger.app */,
				E358AB4F1B7C9E7A00A8BF77 /* GeoLoggerTests.xctest */,
			);
			name = Products;
			sourceTree = "<group>";
		};
		E358AB381B7C9E7A00A8BF77 /* GeoLogger */ = {
			isa = PBXGroup;
			children = (
				E358AB3D1B7C9E7A00A8BF77 /* AppDelegate.h */,
				E358AB3E1B7C9E7A00A8BF77 /* AppDelegate.m */,
				E358AB401B7C9E7A00A8BF77 /* ViewController.h */,
				E358AB411B7C9E7A00A8BF77 /* ViewController.m */,
				E358AB431B7C9E7A00A8BF77 /* Main.storyboard */,
				E358AB461B7C9E7A00A8BF77 /* Images.xcassets */,
				E358AB481B7C9E7A00A8BF77 /* LaunchScreen.xib */,
				E358AB391B7C9E7A00A8BF77 /* Supporting Files */,
				E35DBFA91B7E3E9F00C6929C /* GeoLoggerAnnotation.h */,
				E35DBFAA1B7E3E9F00C6929C /* GeoLoggerAnnotation.m */,
				E3B3370B1B806BB4001A537C /* GeoLocationService.h */,
				E3B3370C1B806BB4001A537C /* GeoLocationService.m */,
			);
			path = GeoLogger;
			sourceTree = "<group>";
		};
		E358AB391B7C9E7A00A8BF77 /* Supporting Files */ = {
			isa = PBXGroup;
			children = (
				E358AB3A1B7C9E7A00A8BF77 /* Info.plist */,
				E358AB3B1B7C9E7A00A8BF77 /* main.m */,
			);
			name = "Supporting Files";
			sourceTree = "<group>";
		};
		E358AB521B7C9E7A00A8BF77 /* GeoLoggerTests */ = {
			isa = PBXGroup;
			children = (
				E358AB551B7C9E7A00A8BF77 /* GeoLoggerTests.m */,
				E358AB531B7C9E7A00A8BF77 /* Supporting Files */,
			);
			path = GeoLoggerTests;
			sourceTree = "<group>";
		};
		E358AB531B7C9E7A00A8BF77 /* Supporting Files */ = {
			isa = PBXGroup;
			children = (
				E358AB541B7C9E7A00A8BF77 /* Info.plist */,
			);
			name = "Supporting Files";
			sourceTree = "<group>";
		};
/* End PBXGroup section */

/* Begin PBXNativeTarget section */
		E358AB351B7C9E7A00A8BF77 /* GeoLogger */ = {
			isa = PBXNativeTarget;
			buildConfigurationList = E358AB591B7C9E7A00A8BF77 /* Build configuration list for PBXNativeTarget "GeoLogger" */;
			buildPhases = (
				871EB82FA9CDAC6E0FC4C3B3 /* Check Pods Manifest.lock */,
				E358AB321B7C9E7A00A8BF77 /* Sources */,
				E358AB331B7C9E7A00A8BF77 /* Frameworks */,
				E358AB341B7C9E7A00A8BF77 /* Resources */,
				A3F419A18AA27D743B019101 /* Copy Pods Resources */,
				E3F05A401B84B991001A439F /* Run Script */,
			);
			buildRules = (
			);
			dependencies = (
			);
			name = GeoLogger;
			productName = GeoLogger;
			productReference = E358AB361B7C9E7A00A8BF77 /* GeoLogger.app */;
			productType = "com.apple.product-type.application";
		};
		E358AB4E1B7C9E7A00A8BF77 /* GeoLoggerTests */ = {
			isa = PBXNativeTarget;
			buildConfigurationList = E358AB5C1B7C9E7A00A8BF77 /* Build configuration list for PBXNativeTarget "GeoLoggerTests" */;
			buildPhases = (
				E358AB4B1B7C9E7A00A8BF77 /* Sources */,
				E358AB4C1B7C9E7A00A8BF77 /* Frameworks */,
				E358AB4D1B7C9E7A00A8BF77 /* Resources */,
			);
			buildRules = (
			);
			dependencies = (
				E358AB511B7C9E7A00A8BF77 /* PBXTargetDependency */,
			);
			name = GeoLoggerTests;
			productName = GeoLoggerTests;
			productReference = E358AB4F1B7C9E7A00A8BF77 /* GeoLoggerTests.xctest */;
			productType = "com.apple.product-type.bundle.unit-test";
		};
/* End PBXNativeTarget section */

/* Begin PBXProject section */
		E358AB2E1B7C9E7A00A8BF77 /* Project object */ = {
			isa = PBXProject;
			attributes = {
				LastUpgradeCheck = 0640;
				ORGANIZATIONNAME = "Coji Mizoguchi";
				TargetAttributes = {
					E358AB351B7C9E7A00A8BF77 = {
						CreatedOnToolsVersion = 6.4;
						DevelopmentTeam = BW3D5X9E68;
						SystemCapabilities = {
							com.apple.BackgroundModes = {
								enabled = 0;
							};
						};
					};
					E358AB4E1B7C9E7A00A8BF77 = {
						CreatedOnToolsVersion = 6.4;
						TestTargetID = E358AB351B7C9E7A00A8BF77;
					};
				};
			};
			buildConfigurationList = E358AB311B7C9E7A00A8BF77 /* Build configuration list for PBXProject "GeoLogger" */;
			compatibilityVersion = "Xcode 3.2";
			developmentRegion = English;
			hasScannedForEncodings = 0;
			knownRegions = (
				en,
				Base,
			);
			mainGroup = E358AB2D1B7C9E7A00A8BF77;
			productRefGroup = E358AB371B7C9E7A00A8BF77 /* Products */;
			projectDirPath = "";
			projectRoot = "";
			targets = (
				E358AB351B7C9E7A00A8BF77 /* GeoLogger */,
				E358AB4E1B7C9E7A00A8BF77 /* GeoLoggerTests */,
			);
		};
/* End PBXProject section */

/* Begin PBXResourcesBuildPhase section */
		E358AB341B7C9E7A00A8BF77 /* Resources */ = {
			isa = PBXResourcesBuildPhase;
			buildActionMask = 2147483647;
			files = (
				E358AB451B7C9E7A00A8BF77 /* Main.storyboard in Resources */,
				E358AB4A1B7C9E7A00A8BF77 /* LaunchScreen.xib in Resources */,
				E358AB471B7C9E7A00A8BF77 /* Images.xcassets in Resources */,
			);
			runOnlyForDeploymentPostprocessing = 0;
		};
		E358AB4D1B7C9E7A00A8BF77 /* Resources */ = {
			isa = PBXResourcesBuildPhase;
			buildActionMask = 2147483647;
			files = (
			);
			runOnlyForDeploymentPostprocessing = 0;
		};
/* End PBXResourcesBuildPhase section */

/* Begin PBXShellScriptBuildPhase section */
		871EB82FA9CDAC6E0FC4C3B3 /* Check Pods Manifest.lock */ = {
			isa = PBXShellScriptBuildPhase;
			buildActionMask = 2147483647;
			files = (
			);
			inputPaths = (
			);
			name = "Check Pods Manifest.lock";
			outputPaths = (
			);
			runOnlyForDeploymentPostprocessing = 0;
			shellPath = /bin/sh;
			shellScript = "diff \"${PODS_ROOT}/../Podfile.lock\" \"${PODS_ROOT}/Manifest.lock\" > /dev/null\nif [[ $? != 0 ]] ; then\n    cat << EOM\nerror: The sandbox is not in sync with the Podfile.lock. Run 'pod install' or update your CocoaPods installation.\nEOM\n    exit 1\nfi\n";
			showEnvVarsInLog = 0;
		};
		A3F419A18AA27D743B019101 /* Copy Pods Resources */ = {
			isa = PBXShellScriptBuildPhase;
			buildActionMask = 2147483647;
			files = (
			);
			inputPaths = (
			);
			name = "Copy Pods Resources";
			outputPaths = (
			);
			runOnlyForDeploymentPostprocessing = 0;
			shellPath = /bin/sh;
			shellScript = "\"${SRCROOT}/Pods/Target Support Files/Pods/Pods-resources.sh\"\n";
			showEnvVarsInLog = 0;
		};
		E3F05A401B84B991001A439F /* Run Script */ = {
			isa = PBXShellScriptBuildPhase;
			buildActionMask = 2147483647;
			files = (
			);
			inputPaths = (
			);
			name = "Run Script";
			outputPaths = (
			);
			runOnlyForDeploymentPostprocessing = 0;
			shellPath = /bin/sh;
			shellScript = "\"${PODS_ROOT}/Fabric/Fabric.framework/run\" d2cb9dd3385a531a1fd3e6de089219f5b0d42d37 da84074a38f77f3b3bae9ffa4aa184b9becddf99c113d5382f7517c98d942a98";
		};
/* End PBXShellScriptBuildPhase section */

/* Begin PBXSourcesBuildPhase section */
		E358AB321B7C9E7A00A8BF77 /* Sources */ = {
			isa = PBXSourcesBuildPhase;
			buildActionMask = 2147483647;
			files = (
				E358AB421B7C9E7A00A8BF77 /* ViewController.m in Sources */,
				E3B3370D1B806BB4001A537C /* GeoLocationService.m in Sources */,
				E358AB3F1B7C9E7A00A8BF77 /* AppDelegate.m in Sources */,
				E35DBFAB1B7E3E9F00C6929C /* GeoLoggerAnnotation.m in Sources */,
				E358AB3C1B7C9E7A00A8BF77 /* main.m in Sources */,
			);
			runOnlyForDeploymentPostprocessing = 0;
		};
		E358AB4B1B7C9E7A00A8BF77 /* Sources */ = {
			isa = PBXSourcesBuildPhase;
			buildActionMask = 2147483647;
			files = (
				E358AB561B7C9E7A00A8BF77 /* GeoLoggerTests.m in Sources */,
			);
			runOnlyForDeploymentPostprocessing = 0;
		};
/* End PBXSourcesBuildPhase section */

/* Begin PBXTargetDependency section */
		E358AB511B7C9E7A00A8BF77 /* PBXTargetDependency */ = {
			isa = PBXTargetDependency;
			target = E358AB351B7C9E7A00A8BF77 /* GeoLogger */;
			targetProxy = E358AB501B7C9E7A00A8BF77 /* PBXContainerItemProxy */;
		};
/* End PBXTargetDependency section */

/* Begin PBXVariantGroup section */
		E358AB431B7C9E7A00A8BF77 /* Main.storyboard */ = {
			isa = PBXVariantGroup;
			children = (
				E358AB441B7C9E7A00A8BF77 /* Base */,
			);
			name = Main.storyboard;
			sourceTree = "<group>";
		};
		E358AB481B7C9E7A00A8BF77 /* LaunchScreen.xib */ = {
			isa = PBXVariantGroup;
			children = (
				E358AB491B7C9E7A00A8BF77 /* Base */,
			);
			name = LaunchScreen.xib;
			sourceTree = "<group>";
		};
/* End PBXVariantGroup section */

/* Begin XCBuildConfiguration section */
		E358AB571B7C9E7A00A8BF77 /* Debug */ = {
			isa = XCBuildConfiguration;
			buildSettings = {
				ALWAYS_SEARCH_USER_PATHS = NO;
				CLANG_CXX_LANGUAGE_STANDARD = "gnu++0x";
				CLANG_CXX_LIBRARY = "libc++";
				CLANG_ENABLE_MODULES = YES;
				CLANG_ENABLE_OBJC_ARC = YES;
				CLANG_WARN_BOOL_CONVERSION = YES;
				CLANG_WARN_CONSTANT_CONVERSION = YES;
				CLANG_WARN_DIRECT_OBJC_ISA_USAGE = YES_ERROR;
				CLANG_WARN_EMPTY_BODY = YES;
				CLANG_WARN_ENUM_CONVERSION = YES;
				CLANG_WARN_INT_CONVERSION = YES;
				CLANG_WARN_OBJC_ROOT_CLASS = YES_ERROR;
				CLANG_WARN_UNREACHABLE_CODE = YES;
				CLANG_WARN__DUPLICATE_METHOD_MATCH = YES;
				"CODE_SIGN_IDENTITY[sdk=iphoneos*]" = "iPhone Developer";
				COPY_PHASE_STRIP = NO;
				DEBUG_INFORMATION_FORMAT = "dwarf-with-dsym";
				ENABLE_STRICT_OBJC_MSGSEND = YES;
				GCC_C_LANGUAGE_STANDARD = gnu99;
				GCC_DYNAMIC_NO_PIC = NO;
				GCC_NO_COMMON_BLOCKS = YES;
				GCC_OPTIMIZATION_LEVEL = 0;
				GCC_PREPROCESSOR_DEFINITIONS = (
					"DEBUG=1",
					"$(inherited)",
				);
				GCC_SYMBOLS_PRIVATE_EXTERN = NO;
				GCC_WARN_64_TO_32_BIT_CONVERSION = YES;
				GCC_WARN_ABOUT_RETURN_TYPE = YES_ERROR;
				GCC_WARN_UNDECLARED_SELECTOR = YES;
				GCC_WARN_UNINITIALIZED_AUTOS = YES_AGGRESSIVE;
				GCC_WARN_UNUSED_FUNCTION = YES;
				GCC_WARN_UNUSED_VARIABLE = YES;
				IPHONEOS_DEPLOYMENT_TARGET = 8.4;
				MTL_ENABLE_DEBUG_INFO = YES;
				ONLY_ACTIVE_ARCH = YES;
				SDKROOT = iphoneos;
				TARGETED_DEVICE_FAMILY = "1,2";
			};
			name = Debug;
		};
		E358AB581B7C9E7A00A8BF77 /* Release */ = {
			isa = XCBuildConfiguration;
			buildSettings = {
				ALWAYS_SEARCH_USER_PATHS = NO;
				CLANG_CXX_LANGUAGE_STANDARD = "gnu++0x";
				CLANG_CXX_LIBRARY = "libc++";
				CLANG_ENABLE_MODULES = YES;
				CLANG_ENABLE_OBJC_ARC = YES;
				CLANG_WARN_BOOL_CONVERSION = YES;
				CLANG_WARN_CONSTANT_CONVERSION = YES;
				CLANG_WARN_DIRECT_OBJC_ISA_USAGE = YES_ERROR;
				CLANG_WARN_EMPTY_BODY = YES;
				CLANG_WARN_ENUM_CONVERSION = YES;
				CLANG_WARN_INT_CONVERSION = YES;
				CLANG_WARN_OBJC_ROOT_CLASS = YES_ERROR;
				CLANG_WARN_UNREACHABLE_CODE = YES;
				CLANG_WARN__DUPLICATE_METHOD_MATCH = YES;
				"CODE_SIGN_IDENTITY[sdk=iphoneos*]" = "iPhone Developer";
				COPY_PHASE_STRIP = NO;
				DEBUG_INFORMATION_FORMAT = "dwarf-with-dsym";
				ENABLE_NS_ASSERTIONS = NO;
				ENABLE_STRICT_OBJC_MSGSEND = YES;
				GCC_C_LANGUAGE_STANDARD = gnu99;
				GCC_NO_COMMON_BLOCKS = YES;
				GCC_WARN_64_TO_32_BIT_CONVERSION = YES;
				GCC_WARN_ABOUT_RETURN_TYPE = YES_ERROR;
				GCC_WARN_UNDECLARED_SELECTOR = YES;
				GCC_WARN_UNINITIALIZED_AUTOS = YES_AGGRESSIVE;
				GCC_WARN_UNUSED_FUNCTION = YES;
				GCC_WARN_UNUSED_VARIABLE = YES;
				IPHONEOS_DEPLOYMENT_TARGET = 8.4;
				MTL_ENABLE_DEBUG_INFO = NO;
				SDKROOT = iphoneos;
				TARGETED_DEVICE_FAMILY = "1,2";
				VALIDATE_PRODUCT = YES;
			};
			name = Release;
		};
		E358AB5A1B7C9E7A00A8BF77 /* Debug */ = {
			isa = XCBuildConfiguration;
			baseConfigurationReference = 695566947B9E538EB3060F6E /* Pods.debug.xcconfig */;
			buildSettings = {
				ASSETCATALOG_COMPILER_APPICON_NAME = AppIcon;
				CODE_SIGN_IDENTITY = "iPhone Developer";
				"CODE_SIGN_IDENTITY[sdk=iphoneos*]" = "iPhone Developer";
				INFOPLIST_FILE = GeoLogger/Info.plist;
				IPHONEOS_DEPLOYMENT_TARGET = 8.0;
				LD_RUNPATH_SEARCH_PATHS = "$(inherited) @executable_path/Frameworks";
				PRODUCT_NAME = "$(TARGET_NAME)";
				PROVISIONING_PROFILE = "";
			};
			name = Debug;
		};
		E358AB5B1B7C9E7A00A8BF77 /* Release */ = {
			isa = XCBuildConfiguration;
			baseConfigurationReference = 4D4F82164D6DC69D127AD041 /* Pods.release.xcconfig */;
			buildSettings = {
				ASSETCATALOG_COMPILER_APPICON_NAME = AppIcon;
				CODE_SIGN_IDENTITY = "iPhone Developer";
				"CODE_SIGN_IDENTITY[sdk=iphoneos*]" = "iPhone Developer";
				INFOPLIST_FILE = GeoLogger/Info.plist;
				IPHONEOS_DEPLOYMENT_TARGET = 8.0;
				LD_RUNPATH_SEARCH_PATHS = "$(inherited) @executable_path/Frameworks";
				PRODUCT_NAME = "$(TARGET_NAME)";
				PROVISIONING_PROFILE = "";
			};
			name = Release;
		};
		E358AB5D1B7C9E7A00A8BF77 /* Debug */ = {
			isa = XCBuildConfiguration;
			buildSettings = {
				BUNDLE_LOADER = "$(TEST_HOST)";
				FRAMEWORK_SEARCH_PATHS = (
					"$(SDKROOT)/Developer/Library/Frameworks",
					"$(inherited)",
				);
				GCC_PREPROCESSOR_DEFINITIONS = (
					"DEBUG=1",
					"$(inherited)",
				);
				INFOPLIST_FILE = GeoLoggerTests/Info.plist;
				LD_RUNPATH_SEARCH_PATHS = "$(inherited) @executable_path/Frameworks @loader_path/Frameworks";
				PRODUCT_NAME = "$(TARGET_NAME)";
				TEST_HOST = "$(BUILT_PRODUCTS_DIR)/GeoLogger.app/GeoLogger";
			};
			name = Debug;
		};
		E358AB5E1B7C9E7A00A8BF77 /* Release */ = {
			isa = XCBuildConfiguration;
			buildSettings = {
				BUNDLE_LOADER = "$(TEST_HOST)";
				FRAMEWORK_SEARCH_PATHS = (
					"$(SDKROOT)/Developer/Library/Frameworks",
					"$(inherited)",
				);
				INFOPLIST_FILE = GeoLoggerTests/Info.plist;
				LD_RUNPATH_SEARCH_PATHS = "$(inherited) @executable_path/Frameworks @loader_path/Frameworks";
				PRODUCT_NAME = "$(TARGET_NAME)";
				TEST_HOST = "$(BUILT_PRODUCTS_DIR)/GeoLogger.app/GeoLogger";
			};
			name = Release;
		};
/* End XCBuildConfiguration section */

/* Begin XCConfigurationList section */
		E358AB311B7C9E7A00A8BF77 /* Build configuration list for PBXProject "GeoLogger" */ = {
			isa = XCConfigurationList;
			buildConfigurations = (
				E358AB571B7C9E7A00A8BF77 /* Debug */,
				E358AB581B7C9E7A00A8BF77 /* Release */,
			);
			defaultConfigurationIsVisible = 0;
			defaultConfigurationName = Release;
		};
		E358AB591B7C9E7A00A8BF77 /* Build configuration list for PBXNativeTarget "GeoLogger" */ = {
			isa = XCConfigurationList;
			buildConfigurations = (
				E358AB5A1B7C9E7A00A8BF77 /* Debug */,
				E358AB5B1B7C9E7A00A8BF77 /* Release */,
			);
			defaultConfigurationIsVisible = 0;
			defaultConfigurationName = Release;
		};
		E358AB5C1B7C9E7A00A8BF77 /* Build configuration list for PBXNativeTarget "GeoLoggerTests" */ = {
			isa = XCConfigurationList;
			buildConfigurations = (
				E358AB5D1B7C9E7A00A8BF77 /* Debug */,
				E358AB5E1B7C9E7A00A8BF77 /* Release */,
			);
			defaultConfigurationIsVisible = 0;
			defaultConfigurationName = Release;
		};
/* End XCConfigurationList section */
	};
	rootObject = E358AB2E1B7C9E7A00A8BF77 /* Project object */;
}
